
Microsoft Visual Studio Solution File, Format Version 12.00
# Visual Studio Version 16
VisualStudioVersion = 16.0.29102.190
MinimumVisualStudioVersion = 15.0.26124.0
Project("{9A19103F-16F7-4668-BE54-9A1E7A4F7556}") = "librum", "src\librum.csproj", "{C8C57BB5-9CAD-4F61-8E38-4269EAF95AEB}"
EndProject
Global
	GlobalSection(SolutionConfigurationPlatforms) = preSolution
		Debug|Any CPU = Debug|Any CPU
		Release|Any CPU = Release|Any CPU
	EndGlobalSection
	GlobalSection(ProjectConfigurationPlatforms) = postSolution
		{C8C57BB5-9CAD-4F61-8E38-4269EAF95AEB}.Debug|Any CPU.ActiveCfg = Debug|Any CPU
		{C8C57BB5-9CAD-4F61-8E38-4269EAF95AEB}.Debug|Any CPU.Build.0 = Debug|Any CPU
		{C8C57BB5-9CAD-4F61-8E38-4269EAF95AEB}.Release|Any CPU.ActiveCfg = Release|Any CPU
		{C8C57BB5-9CAD-4F61-8E38-4269EAF95AEB}.Release|Any CPU.Build.0 = Release|Any CPU
	EndGlobalSection
	GlobalSection(SolutionProperties) = preSolution
		HideSolutionNode = FALSE
	EndGlobalSection
	GlobalSection(ExtensibilityGlobals) = postSolution
		SolutionGuid = {FED8ABEC-A694-42FC-B964-752114817E33}
	EndGlobalSection
EndGlobal
